
Microsoft Visual Studio Solution File, Format Version 12.00
# Visual Studio Version 16
VisualStudioVersion = 16.0.29728.190
MinimumVisualStudioVersion = 10.0.40219.1
Project("{9A19103F-16F7-4668-BE54-9A1E7A4F7556}") = "Euler100Classes", "Euler100\Euler100Classes.csproj", "{40FA59B1-7E14-4401-9D17-4F1C6118CBB8}"
EndProject
Project("{9A19103F-16F7-4668-BE54-9A1E7A4F7556}") = "Euler100.Tests", "Euler100.Tests\Euler100.Tests.csproj", "{A7EE64CD-4E3C-4F0D-8C87-6063B401B832}"
EndProject
Project("{9A19103F-16F7-4668-BE54-9A1E7A4F7556}") = "Euler100Console", "Euler100Console\Euler100Console.csproj", "{A80EDC11-EC23-4864-95B1-5F948D15B5E2}"
EndProject
Global
	GlobalSection(SolutionConfigurationPlatforms) = preSolution
		Debug|Any CPU = Debug|Any CPU
		Release|Any CPU = Release|Any CPU
	EndGlobalSection
	GlobalSection(ProjectConfigurationPlatforms) = postSolution
		{40FA59B1-7E14-4401-9D17-4F1C6118CBB8}.Debug|Any CPU.ActiveCfg = Debug|Any CPU
		{40FA59B1-7E14-4401-9D17-4F1C6118CBB8}.Debug|Any CPU.Build.0 = Debug|Any CPU
		{40FA59B1-7E14-4401-9D17-4F1C6118CBB8}.Release|Any CPU.ActiveCfg = Release|Any CPU
		{40FA59B1-7E14-4401-9D17-4F1C6118CBB8}.Release|Any CPU.Build.0 = Release|Any CPU
		{A7EE64CD-4E3C-4F0D-8C87-6063B401B832}.Debug|Any CPU.ActiveCfg = Debug|Any CPU
		{A7EE64CD-4E3C-4F0D-8C87-6063B401B832}.Debug|Any CPU.Build.0 = Debug|Any CPU
		{A7EE64CD-4E3C-4F0D-8C87-6063B401B832}.Release|Any CPU.ActiveCfg = Release|Any CPU
		{A7EE64CD-4E3C-4F0D-8C87-6063B401B832}.Release|Any CPU.Build.0 = Release|Any CPU
		{A80EDC11-EC23-4864-95B1-5F948D15B5E2}.Debug|Any CPU.ActiveCfg = Debug|Any CPU
		{A80EDC11-EC23-4864-95B1-5F948D15B5E2}.Debug|Any CPU.Build.0 = Debug|Any CPU
		{A80EDC11-EC23-4864-95B1-5F948D15B5E2}.Release|Any CPU.ActiveCfg = Release|Any CPU
		{A80EDC11-EC23-4864-95B1-5F948D15B5E2}.Release|Any CPU.Build.0 = Release|Any CPU
	EndGlobalSection
	GlobalSection(SolutionProperties) = preSolution
		HideSolutionNode = FALSE
	EndGlobalSection
	GlobalSection(ExtensibilityGlobals) = postSolution
		SolutionGuid = {59DC1987-7787-46EA-8663-E65E193FC7BB}
	EndGlobalSection
EndGlobal
